
Microsoft Visual Studio Solution File, Format Version 12.00
# Visual Studio Version 17
VisualStudioVersion = 17.8.34004.107
MinimumVisualStudioVersion = 10.0.40219.1
Project("{9A19103F-16F7-4668-BE54-9A1E7A4F7556}") = "BlazorFocused.Testing.Logging", "src\Logging\src\BlazorFocused.Testing.Logging.csproj", "{CAE56BAE-D8E7-4FC3-88B9-057B7C415D01}"
EndProject
Project("{9A19103F-16F7-4668-BE54-9A1E7A4F7556}") = "BlazorFocused.Testing.Logging.Test", "src\Logging\test\BlazorFocused.Testing.Logging.Test.csproj", "{9903C467-B790-41D2-BE96-04A0C747B50C}"
EndProject
Project("{2150E333-8FDC-42A3-9474-1A3956D46DE8}") = "_Configuration", "_Configuration", "{9DD440B2-4859-49D3-8E43-813518377793}"
	ProjectSection(SolutionItems) = preProject
		.editorconfig = .editorconfig
		.gitignore = .gitignore
		Directory.Build.props = Directory.Build.props
		Directory.Build.targets = Directory.Build.targets
		Directory.Packages.props = Directory.Packages.props
		global.json = global.json
		NuGet.config = NuGet.config
	EndProjectSection
EndProject
Project("{9A19103F-16F7-4668-BE54-9A1E7A4F7556}") = "BlazorFocused.Testing.Http", "src\Http\src\BlazorFocused.Testing.Http.csproj", "{C77AE270-4C88-4DBE-BBAB-512D35E50C8D}"
EndProject
Project("{9A19103F-16F7-4668-BE54-9A1E7A4F7556}") = "BlazorFocused.Testing.Http.Test", "src\Http\test\BlazorFocused.Testing.Http.Test.csproj", "{673A7E35-9A0F-496B-B387-984795137072}"
EndProject
Global
	GlobalSection(SolutionConfigurationPlatforms) = preSolution
		Debug|Any CPU = Debug|Any CPU
		Release|Any CPU = Release|Any CPU
	EndGlobalSection
	GlobalSection(ProjectConfigurationPlatforms) = postSolution
		{CAE56BAE-D8E7-4FC3-88B9-057B7C415D01}.Debug|Any CPU.ActiveCfg = Debug|Any CPU
		{CAE56BAE-D8E7-4FC3-88B9-057B7C415D01}.Debug|Any CPU.Build.0 = Debug|Any CPU
		{CAE56BAE-D8E7-4FC3-88B9-057B7C415D01}.Release|Any CPU.ActiveCfg = Release|Any CPU
		{CAE56BAE-D8E7-4FC3-88B9-057B7C415D01}.Release|Any CPU.Build.0 = Release|Any CPU
		{9903C467-B790-41D2-BE96-04A0C747B50C}.Debug|Any CPU.ActiveCfg = Debug|Any CPU
		{9903C467-B790-41D2-BE96-04A0C747B50C}.Debug|Any CPU.Build.0 = Debug|Any CPU
		{9903C467-B790-41D2-BE96-04A0C747B50C}.Release|Any CPU.ActiveCfg = Release|Any CPU
		{9903C467-B790-41D2-BE96-04A0C747B50C}.Release|Any CPU.Build.0 = Release|Any CPU
		{C77AE270-4C88-4DBE-BBAB-512D35E50C8D}.Debug|Any CPU.ActiveCfg = Debug|Any CPU
		{C77AE270-4C88-4DBE-BBAB-512D35E50C8D}.Debug|Any CPU.Build.0 = Debug|Any CPU
		{C77AE270-4C88-4DBE-BBAB-512D35E50C8D}.Release|Any CPU.ActiveCfg = Release|Any CPU
		{C77AE270-4C88-4DBE-BBAB-512D35E50C8D}.Release|Any CPU.Build.0 = Release|Any CPU
		{673A7E35-9A0F-496B-B387-984795137072}.Debug|Any CPU.ActiveCfg = Debug|Any CPU
		{673A7E35-9A0F-496B-B387-984795137072}.Debug|Any CPU.Build.0 = Debug|Any CPU
		{673A7E35-9A0F-496B-B387-984795137072}.Release|Any CPU.ActiveCfg = Release|Any CPU
		{673A7E35-9A0F-496B-B387-984795137072}.Release|Any CPU.Build.0 = Release|Any CPU
	EndGlobalSection
	GlobalSection(SolutionProperties) = preSolution
		HideSolutionNode = FALSE
	EndGlobalSection
	GlobalSection(ExtensibilityGlobals) = postSolution
		SolutionGuid = {3DFE9DC7-D59F-4762-A1B8-C017016CE60B}
	EndGlobalSection
EndGlobal
