
Microsoft Visual Studio Solution File, Format Version 12.00
# Visual Studio Version 17
VisualStudioVersion = 17.8.34004.107
MinimumVisualStudioVersion = 10.0.40219.1
Project("{9A19103F-16F7-4668-BE54-9A1E7A4F7556}") = "HttpTestingSample", "HttpTestingSample\HttpTestingSample.csproj", "{2CC0B15F-59B3-49A8-83B2-6CAD9B9BB688}"
EndProject
Project("{9A19103F-16F7-4668-BE54-9A1E7A4F7556}") = "LoggingTestingSample", "LoggingTestingSample\LoggingTestingSample.csproj", "{D9EDCB7C-04FB-4D54-812A-DCBF4C9A165C}"
EndProject
Project("{2150E333-8FDC-42A3-9474-1A3956D46DE8}") = "src", "src", "{56233049-C5E4-4A96-97B1-A806EC4966A8}"
EndProject
Project("{9A19103F-16F7-4668-BE54-9A1E7A4F7556}") = "BlazorFocused.Testing.Http", "..\src\Http\src\BlazorFocused.Testing.Http.csproj", "{80E2A5EF-6223-420C-9403-57C68F5D9612}"
EndProject
Project("{9A19103F-16F7-4668-BE54-9A1E7A4F7556}") = "BlazorFocused.Testing.Logging", "..\src\Logging\src\BlazorFocused.Testing.Logging.csproj", "{7F32B068-7695-4A28-8C94-A9C478FF9E6A}"
EndProject
Project("{2150E333-8FDC-42A3-9474-1A3956D46DE8}") = "_Configuration", "_Configuration", "{BE195501-DF03-4DEC-B39B-2F44E3251458}"
	ProjectSection(SolutionItems) = preProject
		Directory.Build.targets = Directory.Build.targets
		Directory.Packages.props = Directory.Packages.props
	EndProjectSection
EndProject
Global
	GlobalSection(SolutionConfigurationPlatforms) = preSolution
		Debug|Any CPU = Debug|Any CPU
		Release|Any CPU = Release|Any CPU
	EndGlobalSection
	GlobalSection(ProjectConfigurationPlatforms) = postSolution
		{2CC0B15F-59B3-49A8-83B2-6CAD9B9BB688}.Debug|Any CPU.ActiveCfg = Debug|Any CPU
		{2CC0B15F-59B3-49A8-83B2-6CAD9B9BB688}.Debug|Any CPU.Build.0 = Debug|Any CPU
		{2CC0B15F-59B3-49A8-83B2-6CAD9B9BB688}.Release|Any CPU.ActiveCfg = Release|Any CPU
		{2CC0B15F-59B3-49A8-83B2-6CAD9B9BB688}.Release|Any CPU.Build.0 = Release|Any CPU
		{D9EDCB7C-04FB-4D54-812A-DCBF4C9A165C}.Debug|Any CPU.ActiveCfg = Debug|Any CPU
		{D9EDCB7C-04FB-4D54-812A-DCBF4C9A165C}.Debug|Any CPU.Build.0 = Debug|Any CPU
		{D9EDCB7C-04FB-4D54-812A-DCBF4C9A165C}.Release|Any CPU.ActiveCfg = Release|Any CPU
		{D9EDCB7C-04FB-4D54-812A-DCBF4C9A165C}.Release|Any CPU.Build.0 = Release|Any CPU
		{80E2A5EF-6223-420C-9403-57C68F5D9612}.Debug|Any CPU.ActiveCfg = Debug|Any CPU
		{80E2A5EF-6223-420C-9403-57C68F5D9612}.Debug|Any CPU.Build.0 = Debug|Any CPU
		{80E2A5EF-6223-420C-9403-57C68F5D9612}.Release|Any CPU.ActiveCfg = Release|Any CPU
		{80E2A5EF-6223-420C-9403-57C68F5D9612}.Release|Any CPU.Build.0 = Release|Any CPU
		{7F32B068-7695-4A28-8C94-A9C478FF9E6A}.Debug|Any CPU.ActiveCfg = Debug|Any CPU
		{7F32B068-7695-4A28-8C94-A9C478FF9E6A}.Debug|Any CPU.Build.0 = Debug|Any CPU
		{7F32B068-7695-4A28-8C94-A9C478FF9E6A}.Release|Any CPU.ActiveCfg = Release|Any CPU
		{7F32B068-7695-4A28-8C94-A9C478FF9E6A}.Release|Any CPU.Build.0 = Release|Any CPU
	EndGlobalSection
	GlobalSection(SolutionProperties) = preSolution
		HideSolutionNode = FALSE
	EndGlobalSection
	GlobalSection(NestedProjects) = preSolution
		{80E2A5EF-6223-420C-9403-57C68F5D9612} = {56233049-C5E4-4A96-97B1-A806EC4966A8}
		{7F32B068-7695-4A28-8C94-A9C478FF9E6A} = {56233049-C5E4-4A96-97B1-A806EC4966A8}
	EndGlobalSection
	GlobalSection(ExtensibilityGlobals) = postSolution
		SolutionGuid = {A3A52089-33A6-40DA-89B1-FE2A7F454E12}
	EndGlobalSection
EndGlobal
